
Microsoft Visual Studio Solution File, Format Version 12.00
# Visual Studio 14
VisualStudioVersion = 14.0.25420.1
MinimumVisualStudioVersion = 10.0.40219.1
Project("{159641D6-6404-4A2A-AE62-294DE0FE8301}") = "CustomerETL", "CustomerETL\CustomerETL.dtproj", "{6A1A5058-3968-4E92-A1B9-DC6C062BB8EE}"
EndProject
Project("{00D1A9C2-B5F0-4AF3-8072-F6C62B433612}") = "MyCorpSolutionsDatabase", "MyCorpSolutionsDatabase\MyCorpSolutionsDatabase.sqlproj", "{A60E8480-6D70-41F4-B634-11AE19DA58BB}"
EndProject
Project("{FAE04EC0-301F-11D3-BF4B-00C04F79EFBC}") = "CustomerService", "CustomerService\CustomerService.csproj", "{51F6B0C0-4D85-47E7-9D88-5D3CFF59E4D4}"
EndProject
Project("{FAE04EC0-301F-11D3-BF4B-00C04F79EFBC}") = "CustomerWeb", "CustomerWeb\CustomerWeb.csproj", "{2CC3765F-7C19-4C19-AE43-65679B250E98}"
EndProject
Project("{FAE04EC0-301F-11D3-BF4B-00C04F79EFBC}") = "CustomerDomain", "CustomerDomain\CustomerDomain.csproj", "{914D525A-77E0-4C7F-8B03-541CC6D02121}"
EndProject
Global
	GlobalSection(SolutionConfigurationPlatforms) = preSolution
		Debug|Any CPU = Debug|Any CPU
		Development|Any CPU = Development|Any CPU
		Release|Any CPU = Release|Any CPU
	EndGlobalSection
	GlobalSection(ProjectConfigurationPlatforms) = postSolution
		{6A1A5058-3968-4E92-A1B9-DC6C062BB8EE}.Debug|Any CPU.ActiveCfg = Development
		{6A1A5058-3968-4E92-A1B9-DC6C062BB8EE}.Debug|Any CPU.Build.0 = Development
		{6A1A5058-3968-4E92-A1B9-DC6C062BB8EE}.Development|Any CPU.ActiveCfg = Development
		{6A1A5058-3968-4E92-A1B9-DC6C062BB8EE}.Development|Any CPU.Build.0 = Development
		{6A1A5058-3968-4E92-A1B9-DC6C062BB8EE}.Release|Any CPU.ActiveCfg = Development
		{6A1A5058-3968-4E92-A1B9-DC6C062BB8EE}.Release|Any CPU.Build.0 = Development
		{A60E8480-6D70-41F4-B634-11AE19DA58BB}.Debug|Any CPU.ActiveCfg = Debug|Any CPU
		{A60E8480-6D70-41F4-B634-11AE19DA58BB}.Debug|Any CPU.Build.0 = Debug|Any CPU
		{A60E8480-6D70-41F4-B634-11AE19DA58BB}.Debug|Any CPU.Deploy.0 = Debug|Any CPU
		{A60E8480-6D70-41F4-B634-11AE19DA58BB}.Development|Any CPU.ActiveCfg = Debug|Any CPU
		{A60E8480-6D70-41F4-B634-11AE19DA58BB}.Development|Any CPU.Build.0 = Debug|Any CPU
		{A60E8480-6D70-41F4-B634-11AE19DA58BB}.Development|Any CPU.Deploy.0 = Debug|Any CPU
		{A60E8480-6D70-41F4-B634-11AE19DA58BB}.Release|Any CPU.ActiveCfg = Release|Any CPU
		{A60E8480-6D70-41F4-B634-11AE19DA58BB}.Release|Any CPU.Build.0 = Release|Any CPU
		{A60E8480-6D70-41F4-B634-11AE19DA58BB}.Release|Any CPU.Deploy.0 = Release|Any CPU
		{51F6B0C0-4D85-47E7-9D88-5D3CFF59E4D4}.Debug|Any CPU.ActiveCfg = Debug|Any CPU
		{51F6B0C0-4D85-47E7-9D88-5D3CFF59E4D4}.Debug|Any CPU.Build.0 = Debug|Any CPU
		{51F6B0C0-4D85-47E7-9D88-5D3CFF59E4D4}.Development|Any CPU.ActiveCfg = Debug|Any CPU
		{51F6B0C0-4D85-47E7-9D88-5D3CFF59E4D4}.Development|Any CPU.Build.0 = Debug|Any CPU
		{51F6B0C0-4D85-47E7-9D88-5D3CFF59E4D4}.Release|Any CPU.ActiveCfg = Release|Any CPU
		{51F6B0C0-4D85-47E7-9D88-5D3CFF59E4D4}.Release|Any CPU.Build.0 = Release|Any CPU
		{2CC3765F-7C19-4C19-AE43-65679B250E98}.Debug|Any CPU.ActiveCfg = Debug|Any CPU
		{2CC3765F-7C19-4C19-AE43-65679B250E98}.Debug|Any CPU.Build.0 = Debug|Any CPU
		{2CC3765F-7C19-4C19-AE43-65679B250E98}.Development|Any CPU.ActiveCfg = Debug|Any CPU
		{2CC3765F-7C19-4C19-AE43-65679B250E98}.Development|Any CPU.Build.0 = Debug|Any CPU
		{2CC3765F-7C19-4C19-AE43-65679B250E98}.Release|Any CPU.ActiveCfg = Release|Any CPU
		{2CC3765F-7C19-4C19-AE43-65679B250E98}.Release|Any CPU.Build.0 = Release|Any CPU
		{914D525A-77E0-4C7F-8B03-541CC6D02121}.Debug|Any CPU.ActiveCfg = Debug|Any CPU
		{914D525A-77E0-4C7F-8B03-541CC6D02121}.Debug|Any CPU.Build.0 = Debug|Any CPU
		{914D525A-77E0-4C7F-8B03-541CC6D02121}.Development|Any CPU.ActiveCfg = Debug|Any CPU
		{914D525A-77E0-4C7F-8B03-541CC6D02121}.Development|Any CPU.Build.0 = Debug|Any CPU
		{914D525A-77E0-4C7F-8B03-541CC6D02121}.Release|Any CPU.ActiveCfg = Release|Any CPU
		{914D525A-77E0-4C7F-8B03-541CC6D02121}.Release|Any CPU.Build.0 = Release|Any CPU
	EndGlobalSection
	GlobalSection(SolutionProperties) = preSolution
		HideSolutionNode = FALSE
	EndGlobalSection
EndGlobal
